// !$*UTF8*$!
{
	archiveVersion = 1;
	classes = {
	};
	objectVersion = 46;
	objects = {

/* Begin PBXBuildFile section */
		C4885F24192BD35F0026B9BA /* Foundation.framework in Frameworks */ = {isa = PBXBuildFile; fileRef = C4885F23192BD35F0026B9BA /* Foundation.framework */; };
		C4885F26192BD35F0026B9BA /* CoreGraphics.framework in Frameworks */ = {isa = PBXBuildFile; fileRef = C4885F25192BD35F0026B9BA /* CoreGraphics.framework */; };
		C4885F28192BD35F0026B9BA /* UIKit.framework in Frameworks */ = {isa = PBXBuildFile; fileRef = C4885F27192BD35F0026B9BA /* UIKit.framework */; };
		C4885F2E192BD35F0026B9BA /* InfoPlist.strings in Resources */ = {isa = PBXBuildFile; fileRef = C4885F2C192BD35F0026B9BA /* InfoPlist.strings */; };
		C4885F30192BD35F0026B9BA /* main.m in Sources */ = {isa = PBXBuildFile; fileRef = C4885F2F192BD35F0026B9BA /* main.m */; };
		C4885F34192BD35F0026B9BA /* AppDelegate.m in Sources */ = {isa = PBXBuildFile; fileRef = C4885F33192BD35F0026B9BA /* AppDelegate.m */; };
		C4885F37192BD35F0026B9BA /* Main.storyboard in Resources */ = {isa = PBXBuildFile; fileRef = C4885F35192BD35F0026B9BA /* Main.storyboard */; };
		C4885F3A192BD35F0026B9BA /* ViewController.m in Sources */ = {isa = PBXBuildFile; fileRef = C4885F39192BD35F0026B9BA /* ViewController.m */; };
		C4885F3C192BD35F0026B9BA /* Images.xcassets in Resources */ = {isa = PBXBuildFile; fileRef = C4885F3B192BD35F0026B9BA /* Images.xcassets */; };
		C4885F43192BD35F0026B9BA /* XCTest.framework in Frameworks */ = {isa = PBXBuildFile; fileRef = C4885F42192BD35F0026B9BA /* XCTest.framework */; };
		C4885F44192BD35F0026B9BA /* Foundation.framework in Frameworks */ = {isa = PBXBuildFile; fileRef = C4885F23192BD35F0026B9BA /* Foundation.framework */; };
		C4885F45192BD35F0026B9BA /* UIKit.framework in Frameworks */ = {isa = PBXBuildFile; fileRef = C4885F27192BD35F0026B9BA /* UIKit.framework */; };
		C4885F4D192BD35F0026B9BA /* InfoPlist.strings in Resources */ = {isa = PBXBuildFile; fileRef = C4885F4B192BD35F0026B9BA /* InfoPlist.strings */; };
		C4885F4F192BD35F0026B9BA /* MCMSTests.m in Sources */ = {isa = PBXBuildFile; fileRef = C4885F4E192BD35F0026B9BA /* MCMSTests.m */; };
		C4885F59192BD3800026B9BA /* CheckMate.framework in Frameworks */ = {isa = PBXBuildFile; fileRef = C4885F58192BD3800026B9BA /* CheckMate.framework */; };
/* End PBXBuildFile section */

/* Begin PBXContainerItemProxy section */
		C4885F46192BD35F0026B9BA /* PBXContainerItemProxy */ = {
			isa = PBXContainerItemProxy;
			containerPortal = C4885F18192BD35E0026B9BA /* Project object */;
			proxyType = 1;
			remoteGlobalIDString = C4885F1F192BD35F0026B9BA;
			remoteInfo = MCMS;
		};
/* End PBXContainerItemProxy section */

/* Begin PBXFileReference section */
		C4885F20192BD35F0026B9BA /* MCMS.app */ = {isa = PBXFileReference; explicitFileType = wrapper.application; includeInIndex = 0; path = MCMS.app; sourceTree = BUILT_PRODUCTS_DIR; };
		C4885F23192BD35F0026B9BA /* Foundation.framework */ = {isa = PBXFileReference; lastKnownFileType = wrapper.framework; name = Foundation.framework; path = System/Library/Frameworks/Foundation.framework; sourceTree = SDKROOT; };
		C4885F25192BD35F0026B9BA /* CoreGraphics.framework */ = {isa = PBXFileReference; lastKnownFileType = wrapper.framework; name = CoreGraphics.framework; path = System/Library/Frameworks/CoreGraphics.framework; sourceTree = SDKROOT; };
		C4885F27192BD35F0026B9BA /* UIKit.framework */ = {isa = PBXFileReference; lastKnownFileType = wrapper.framework; name = UIKit.framework; path = System/Library/Frameworks/UIKit.framework; sourceTree = SDKROOT; };
		C4885F2B192BD35F0026B9BA /* MCMS-Info.plist */ = {isa = PBXFileReference; lastKnownFileType = text.plist.xml; path = "MCMS-Info.plist"; sourceTree = "<group>"; };
		C4885F2D192BD35F0026B9BA /* en */ = {isa = PBXFileReference; lastKnownFileType = text.plist.strings; name = en; path = en.lproj/InfoPlist.strings; sourceTree = "<group>"; };
		C4885F2F192BD35F0026B9BA /* main.m */ = {isa = PBXFileReference; lastKnownFileType = sourcecode.c.objc; path = main.m; sourceTree = "<group>"; };
		C4885F31192BD35F0026B9BA /* MCMS-Prefix.pch */ = {isa = PBXFileReference; lastKnownFileType = sourcecode.c.h; path = "MCMS-Prefix.pch"; sourceTree = "<group>"; };
		C4885F32192BD35F0026B9BA /* AppDelegate.h */ = {isa = PBXFileReference; lastKnownFileType = sourcecode.c.h; path = AppDelegate.h; sourceTree = "<group>"; };
		C4885F33192BD35F0026B9BA /* AppDelegate.m */ = {isa = PBXFileReference; lastKnownFileType = sourcecode.c.objc; path = AppDelegate.m; sourceTree = "<group>"; };
		C4885F36192BD35F0026B9BA /* Base */ = {isa = PBXFileReference; lastKnownFileType = file.storyboard; name = Base; path = Base.lproj/Main.storyboard; sourceTree = "<group>"; };
		C4885F38192BD35F0026B9BA /* ViewController.h */ = {isa = PBXFileReference; lastKnownFileType = sourcecode.c.h; path = ViewController.h; sourceTree = "<group>"; };
		C4885F39192BD35F0026B9BA /* ViewController.m */ = {isa = PBXFileReference; lastKnownFileType = sourcecode.c.objc; path = ViewController.m; sourceTree = "<group>"; };
		C4885F3B192BD35F0026B9BA /* Images.xcassets */ = {isa = PBXFileReference; lastKnownFileType = folder.assetcatalog; path = Images.xcassets; sourceTree = "<group>"; };
		C4885F41192BD35F0026B9BA /* MCMSTests.xctest */ = {isa = PBXFileReference; explicitFileType = wrapper.cfbundle; includeInIndex = 0; path = MCMSTests.xctest; sourceTree = BUILT_PRODUCTS_DIR; };
		C4885F42192BD35F0026B9BA /* XCTest.framework */ = {isa = PBXFileReference; lastKnownFileType = wrapper.framework; name = XCTest.framework; path = Library/Frameworks/XCTest.framework; sourceTree = DEVELOPER_DIR; };
		C4885F4A192BD35F0026B9BA /* MCMSTests-Info.plist */ = {isa = PBXFileReference; lastKnownFileType = text.plist.xml; path = "MCMSTests-Info.plist"; sourceTree = "<group>"; };
		C4885F4C192BD35F0026B9BA /* en */ = {isa = PBXFileReference; lastKnownFileType = text.plist.strings; name = en; path = en.lproj/InfoPlist.strings; sourceTree = "<group>"; };
		C4885F4E192BD35F0026B9BA /* MCMSTests.m */ = {isa = PBXFileReference; lastKnownFileType = sourcecode.c.objc; path = MCMSTests.m; sourceTree = "<group>"; };
		C4885F58192BD3800026B9BA /* CheckMate.framework */ = {isa = PBXFileReference; lastKnownFileType = wrapper.framework; name = CheckMate.framework; path = ../../../Desktop/CheckMate.framework; sourceTree = "<group>"; };
/* End PBXFileReference section */

/* Begin PBXFrameworksBuildPhase section */
		C4885F1D192BD35F0026B9BA /* Frameworks */ = {
			isa = PBXFrameworksBuildPhase;
			buildActionMask = 2147483647;
			files = (
				C4885F59192BD3800026B9BA /* CheckMate.framework in Frameworks */,
				C4885F26192BD35F0026B9BA /* CoreGraphics.framework in Frameworks */,
				C4885F28192BD35F0026B9BA /* UIKit.framework in Frameworks */,
				C4885F24192BD35F0026B9BA /* Foundation.framework in Frameworks */,
			);
			runOnlyForDeploymentPostprocessing = 0;
		};
		C4885F3E192BD35F0026B9BA /* Frameworks */ = {
			isa = PBXFrameworksBuildPhase;
			buildActionMask = 2147483647;
			files = (
				C4885F43192BD35F0026B9BA /* XCTest.framework in Frameworks */,
				C4885F45192BD35F0026B9BA /* UIKit.framework in Frameworks */,
				C4885F44192BD35F0026B9BA /* Foundation.framework in Frameworks */,
			);
			runOnlyForDeploymentPostprocessing = 0;
		};
/* End PBXFrameworksBuildPhase section */

/* Begin PBXGroup section */
		C4885F17192BD35E0026B9BA = {
			isa = PBXGroup;
			children = (
				C4885F29192BD35F0026B9BA /* MCMS */,
				C4885F48192BD35F0026B9BA /* MCMSTests */,
				C4885F22192BD35F0026B9BA /* Frameworks */,
				C4885F21192BD35F0026B9BA /* Products */,
			);
			sourceTree = "<group>";
		};
		C4885F21192BD35F0026B9BA /* Products */ = {
			isa = PBXGroup;
			children = (
				C4885F20192BD35F0026B9BA /* MCMS.app */,
				C4885F41192BD35F0026B9BA /* MCMSTests.xctest */,
			);
			name = Products;
			sourceTree = "<group>";
		};
		C4885F22192BD35F0026B9BA /* Frameworks */ = {
			isa = PBXGroup;
			children = (
				C4885F58192BD3800026B9BA /* CheckMate.framework */,
				C4885F23192BD35F0026B9BA /* Foundation.framework */,
				C4885F25192BD35F0026B9BA /* CoreGraphics.framework */,
				C4885F27192BD35F0026B9BA /* UIKit.framework */,
				C4885F42192BD35F0026B9BA /* XCTest.framework */,
			);
			name = Frameworks;
			sourceTree = "<group>";
		};
		C4885F29192BD35F0026B9BA /* MCMS */ = {
			isa = PBXGroup;
			children = (
				C4885F32192BD35F0026B9BA /* AppDelegate.h */,
				C4885F33192BD35F0026B9BA /* AppDelegate.m */,
				C4885F35192BD35F0026B9BA /* Main.storyboard */,
				C4885F38192BD35F0026B9BA /* ViewController.h */,
				C4885F39192BD35F0026B9BA /* ViewController.m */,
				C4885F3B192BD35F0026B9BA /* Images.xcassets */,
				C4885F2A192BD35F0026B9BA /* Supporting Files */,
			);
			path = MCMS;
			sourceTree = "<group>";
		};
		C4885F2A192BD35F0026B9BA /* Supporting Files */ = {
			isa = PBXGroup;
			children = (
				C4885F2B192BD35F0026B9BA /* MCMS-Info.plist */,
				C4885F2C192BD35F0026B9BA /* InfoPlist.strings */,
				C4885F2F192BD35F0026B9BA /* main.m */,
				C4885F31192BD35F0026B9BA /* MCMS-Prefix.pch */,
			);
			name = "Supporting Files";
			sourceTree = "<group>";
		};
		C4885F48192BD35F0026B9BA /* MCMSTests */ = {
			isa = PBXGroup;
			children = (
				C4885F4E192BD35F0026B9BA /* MCMSTests.m */,
				C4885F49192BD35F0026B9BA /* Supporting Files */,
			);
			path = MCMSTests;
			sourceTree = "<group>";
		};
		C4885F49192BD35F0026B9BA /* Supporting Files */ = {
			isa = PBXGroup;
			children = (
				C4885F4A192BD35F0026B9BA /* MCMSTests-Info.plist */,
				C4885F4B192BD35F0026B9BA /* InfoPlist.strings */,
			);
			name = "Supporting Files";
			sourceTree = "<group>";
		};
/* End PBXGroup section */

/* Begin PBXNativeTarget section */
		C4885F1F192BD35F0026B9BA /* MCMS */ = {
			isa = PBXNativeTarget;
			buildConfigurationList = C4885F52192BD35F0026B9BA /* Build configuration list for PBXNativeTarget "MCMS" */;
			buildPhases = (
				C4885F1C192BD35F0026B9BA /* Sources */,
				C4885F1D192BD35F0026B9BA /* Frameworks */,
				C4885F1E192BD35F0026B9BA /* Resources */,
			);
			buildRules = (
			);
			dependencies = (
			);
			name = MCMS;
			productName = MCMS;
			productReference = C4885F20192BD35F0026B9BA /* MCMS.app */;
			productType = "com.apple.product-type.application";
		};
		C4885F40192BD35F0026B9BA /* MCMSTests */ = {
			isa = PBXNativeTarget;
			buildConfigurationList = C4885F55192BD35F0026B9BA /* Build configuration list for PBXNativeTarget "MCMSTests" */;
			buildPhases = (
				C4885F3D192BD35F0026B9BA /* Sources */,
				C4885F3E192BD35F0026B9BA /* Frameworks */,
				C4885F3F192BD35F0026B9BA /* Resources */,
			);
			buildRules = (
			);
			dependencies = (
				C4885F47192BD35F0026B9BA /* PBXTargetDependency */,
			);
			name = MCMSTests;
			productName = MCMSTests;
			productReference = C4885F41192BD35F0026B9BA /* MCMSTests.xctest */;
			productType = "com.apple.product-type.bundle.unit-test";
		};
/* End PBXNativeTarget section */

/* Begin PBXProject section */
		C4885F18192BD35E0026B9BA /* Project object */ = {
			isa = PBXProject;
			attributes = {
				LastUpgradeCheck = 0510;
				ORGANIZATIONNAME = BGHS;
				TargetAttributes = {
					C4885F40192BD35F0026B9BA = {
						TestTargetID = C4885F1F192BD35F0026B9BA;
					};
				};
			};
			buildConfigurationList = C4885F1B192BD35E0026B9BA /* Build configuration list for PBXProject "MCMS" */;
			compatibilityVersion = "Xcode 3.2";
			developmentRegion = English;
			hasScannedForEncodings = 0;
			knownRegions = (
				en,
				Base,
			);
			mainGroup = C4885F17192BD35E0026B9BA;
			productRefGroup = C4885F21192BD35F0026B9BA /* Products */;
			projectDirPath = "";
			projectRoot = "";
			targets = (
				C4885F1F192BD35F0026B9BA /* MCMS */,
				C4885F40192BD35F0026B9BA /* MCMSTests */,
			);
		};
/* End PBXProject section */

/* Begin PBXResourcesBuildPhase section */
		C4885F1E192BD35F0026B9BA /* Resources */ = {
			isa = PBXResourcesBuildPhase;
			buildActionMask = 2147483647;
			files = (
				C4885F3C192BD35F0026B9BA /* Images.xcassets in Resources */,
				C4885F2E192BD35F0026B9BA /* InfoPlist.strings in Resources */,
				C4885F37192BD35F0026B9BA /* Main.storyboard in Resources */,
			);
			runOnlyForDeploymentPostprocessing = 0;
		};
		C4885F3F192BD35F0026B9BA /* Resources */ = {
			isa = PBXResourcesBuildPhase;
			buildActionMask = 2147483647;
			files = (
				C4885F4D192BD35F0026B9BA /* InfoPlist.strings in Resources */,
			);
			runOnlyForDeploymentPostprocessing = 0;
		};
/* End PBXResourcesBuildPhase section */

/* Begin PBXSourcesBuildPhase section */
		C4885F1C192BD35F0026B9BA /* Sources */ = {
			isa = PBXSourcesBuildPhase;
			buildActionMask = 2147483647;
			files = (
				C4885F3A192BD35F0026B9BA /* ViewController.m in Sources */,
				C4885F34192BD35F0026B9BA /* AppDelegate.m in Sources */,
				C4885F30192BD35F0026B9BA /* main.m in Sources */,
			);
			runOnlyForDeploymentPostprocessing = 0;
		};
		C4885F3D192BD35F0026B9BA /* Sources */ = {
			isa = PBXSourcesBuildPhase;
			buildActionMask = 2147483647;
			files = (
				C4885F4F192BD35F0026B9BA /* MCMSTests.m in Sources */,
			);
			runOnlyForDeploymentPostprocessing = 0;
		};
/* End PBXSourcesBuildPhase section */

/* Begin PBXTargetDependency section */
		C4885F47192BD35F0026B9BA /* PBXTargetDependency */ = {
			isa = PBXTargetDependency;
			target = C4885F1F192BD35F0026B9BA /* MCMS */;
			targetProxy = C4885F46192BD35F0026B9BA /* PBXContainerItemProxy */;
		};
/* End PBXTargetDependency section */

/* Begin PBXVariantGroup section */
		C4885F2C192BD35F0026B9BA /* InfoPlist.strings */ = {
			isa = PBXVariantGroup;
			children = (
				C4885F2D192BD35F0026B9BA /* en */,
			);
			name = InfoPlist.strings;
			sourceTree = "<group>";
		};
		C4885F35192BD35F0026B9BA /* Main.storyboard */ = {
			isa = PBXVariantGroup;
			children = (
				C4885F36192BD35F0026B9BA /* Base */,
			);
			name = Main.storyboard;
			sourceTree = "<group>";
		};
		C4885F4B192BD35F0026B9BA /* InfoPlist.strings */ = {
			isa = PBXVariantGroup;
			children = (
				C4885F4C192BD35F0026B9BA /* en */,
			);
			name = InfoPlist.strings;
			sourceTree = "<group>";
		};
/* End PBXVariantGroup section */

/* Begin XCBuildConfiguration section */
		C4885F50192BD35F0026B9BA /* Debug */ = {
			isa = XCBuildConfiguration;
			buildSettings = {
				ALWAYS_SEARCH_USER_PATHS = NO;
				CLANG_CXX_LANGUAGE_STANDARD = "gnu++0x";
				CLANG_CXX_LIBRARY = "libc++";
				CLANG_ENABLE_MODULES = YES;
				CLANG_ENABLE_OBJC_ARC = YES;
				CLANG_WARN_BOOL_CONVERSION = YES;
				CLANG_WARN_CONSTANT_CONVERSION = YES;
				CLANG_WARN_DIRECT_OBJC_ISA_USAGE = YES_ERROR;
				CLANG_WARN_EMPTY_BODY = YES;
				CLANG_WARN_ENUM_CONVERSION = YES;
				CLANG_WARN_INT_CONVERSION = YES;
				CLANG_WARN_OBJC_ROOT_CLASS = YES_ERROR;
				CLANG_WARN__DUPLICATE_METHOD_MATCH = YES;
				"CODE_SIGN_IDENTITY[sdk=iphoneos*]" = "iPhone Developer";
				COPY_PHASE_STRIP = NO;
				GCC_C_LANGUAGE_STANDARD = gnu99;
				GCC_DYNAMIC_NO_PIC = NO;
				GCC_OPTIMIZATION_LEVEL = 0;
				GCC_PREPROCESSOR_DEFINITIONS = (
					"DEBUG=1",
					"$(inherited)",
				);
				GCC_SYMBOLS_PRIVATE_EXTERN = NO;
				GCC_WARN_64_TO_32_BIT_CONVERSION = YES;
				GCC_WARN_ABOUT_RETURN_TYPE = YES_ERROR;
				GCC_WARN_UNDECLARED_SELECTOR = YES;
				GCC_WARN_UNINITIALIZED_AUTOS = YES_AGGRESSIVE;
				GCC_WARN_UNUSED_FUNCTION = YES;
				GCC_WARN_UNUSED_VARIABLE = YES;
				IPHONEOS_DEPLOYMENT_TARGET = 7.1;
				ONLY_ACTIVE_ARCH = YES;
				SDKROOT = iphoneos;
			};
			name = Debug;
		};
		C4885F51192BD35F0026B9BA /* Release */ = {
			isa = XCBuildConfiguration;
			buildSettings = {
				ALWAYS_SEARCH_USER_PATHS = NO;
				CLANG_CXX_LANGUAGE_STANDARD = "gnu++0x";
				CLANG_CXX_LIBRARY = "libc++";
				CLANG_ENABLE_MODULES = YES;
				CLANG_ENABLE_OBJC_ARC = YES;
				CLANG_WARN_BOOL_CONVERSION = YES;
				CLANG_WARN_CONSTANT_CONVERSION = YES;
				CLANG_WARN_DIRECT_OBJC_ISA_USAGE = YES_ERROR;
				CLANG_WARN_EMPTY_BODY = YES;
				CLANG_WARN_ENUM_CONVERSION = YES;
				CLANG_WARN_INT_CONVERSION = YES;
				CLANG_WARN_OBJC_ROOT_CLASS = YES_ERROR;
				CLANG_WARN__DUPLICATE_METHOD_MATCH = YES;
				"CODE_SIGN_IDENTITY[sdk=iphoneos*]" = "iPhone Developer";
				COPY_PHASE_STRIP = YES;
				ENABLE_NS_ASSERTIONS = NO;
				GCC_C_LANGUAGE_STANDARD = gnu99;
				GCC_WARN_64_TO_32_BIT_CONVERSION = YES;
				GCC_WARN_ABOUT_RETURN_TYPE = YES_ERROR;
				GCC_WARN_UNDECLARED_SELECTOR = YES;
				GCC_WARN_UNINITIALIZED_AUTOS = YES_AGGRESSIVE;
				GCC_WARN_UNUSED_FUNCTION = YES;
				GCC_WARN_UNUSED_VARIABLE = YES;
				IPHONEOS_DEPLOYMENT_TARGET = 7.1;
				SDKROOT = iphoneos;
				VALIDATE_PRODUCT = YES;
			};
			name = Release;
		};
		C4885F53192BD35F0026B9BA /* Debug */ = {
			isa = XCBuildConfiguration;
			buildSettings = {
				ASSETCATALOG_COMPILER_APPICON_NAME = AppIcon;
				ASSETCATALOG_COMPILER_LAUNCHIMAGE_NAME = LaunchImage;
				FRAMEWORK_SEARCH_PATHS = (
					"$(inherited)",
					/Users/tom.mroz/Desktop,
				);
				GCC_PRECOMPILE_PREFIX_HEADER = YES;
				GCC_PREFIX_HEADER = "MCMS/MCMS-Prefix.pch";
				INFOPLIST_FILE = "MCMS/MCMS-Info.plist";
				PRODUCT_NAME = "$(TARGET_NAME)";
				WRAPPER_EXTENSION = app;
			};
			name = Debug;
		};
		C4885F54192BD35F0026B9BA /* Release */ = {
			isa = XCBuildConfiguration;
			buildSettings = {
				ASSETCATALOG_COMPILER_APPICON_NAME = AppIcon;
				ASSETCATALOG_COMPILER_LAUNCHIMAGE_NAME = LaunchImage;
				FRAMEWORK_SEARCH_PATHS = (
					"$(inherited)",
					/Users/tom.mroz/Desktop,
				);
				GCC_PRECOMPILE_PREFIX_HEADER = YES;
				GCC_PREFIX_HEADER = "MCMS/MCMS-Prefix.pch";
				INFOPLIST_FILE = "MCMS/MCMS-Info.plist";
				PRODUCT_NAME = "$(TARGET_NAME)";
				WRAPPER_EXTENSION = app;
			};
			name = Release;
		};
		C4885F56192BD35F0026B9BA /* Debug */ = {
			isa = XCBuildConfiguration;
			buildSettings = {
				BUNDLE_LOADER = "$(BUILT_PRODUCTS_DIR)/MCMS.app/MCMS";
				FRAMEWORK_SEARCH_PATHS = (
					"$(SDKROOT)/Developer/Library/Frameworks",
					"$(inherited)",
					"$(DEVELOPER_FRAMEWORKS_DIR)",
				);
				GCC_PRECOMPILE_PREFIX_HEADER = YES;
				GCC_PREFIX_HEADER = "MCMS/MCMS-Prefix.pch";
				GCC_PREPROCESSOR_DEFINITIONS = (
					"DEBUG=1",
					"$(inherited)",
				);
				INFOPLIST_FILE = "MCMSTests/MCMSTests-Info.plist";
				PRODUCT_NAME = "$(TARGET_NAME)";
				TEST_HOST = "$(BUNDLE_LOADER)";
				WRAPPER_EXTENSION = xctest;
			};
			name = Debug;
		};
		C4885F57192BD35F0026B9BA /* Release */ = {
			isa = XCBuildConfiguration;
			buildSettings = {
				BUNDLE_LOADER = "$(BUILT_PRODUCTS_DIR)/MCMS.app/MCMS";
				FRAMEWORK_SEARCH_PATHS = (
					"$(SDKROOT)/Developer/Library/Frameworks",
					"$(inherited)",
					"$(DEVELOPER_FRAMEWORKS_DIR)",
				);
				GCC_PRECOMPILE_PREFIX_HEADER = YES;
				GCC_PREFIX_HEADER = "MCMS/MCMS-Prefix.pch";
				INFOPLIST_FILE = "MCMSTests/MCMSTests-Info.plist";
				PRODUCT_NAME = "$(TARGET_NAME)";
				TEST_HOST = "$(BUNDLE_LOADER)";
				WRAPPER_EXTENSION = xctest;
			};
			name = Release;
		};
/* End XCBuildConfiguration section */

/* Begin XCConfigurationList section */
		C4885F1B192BD35E0026B9BA /* Build configuration list for PBXProject "MCMS" */ = {
			isa = XCConfigurationList;
			buildConfigurations = (
				C4885F50192BD35F0026B9BA /* Debug */,
				C4885F51192BD35F0026B9BA /* Release */,
			);
			defaultConfigurationIsVisible = 0;
			defaultConfigurationName = Release;
		};
		C4885F52192BD35F0026B9BA /* Build configuration list for PBXNativeTarget "MCMS" */ = {
			isa = XCConfigurationList;
			buildConfigurations = (
				C4885F53192BD35F0026B9BA /* Debug */,
				C4885F54192BD35F0026B9BA /* Release */,
			);
			defaultConfigurationIsVisible = 0;
		};
		C4885F55192BD35F0026B9BA /* Build configuration list for PBXNativeTarget "MCMSTests" */ = {
			isa = XCConfigurationList;
			buildConfigurations = (
				C4885F56192BD35F0026B9BA /* Debug */,
				C4885F57192BD35F0026B9BA /* Release */,
			);
			defaultConfigurationIsVisible = 0;
		};
/* End XCConfigurationList section */
	};
	rootObject = C4885F18192BD35E0026B9BA /* Project object */;
}
